
Microsoft Visual Studio Solution File, Format Version 12.00
# Visual Studio Version 17
VisualStudioVersion = 17.10.34916.146
MinimumVisualStudioVersion = 10.0.40219.1
Project("{FAE04EC0-301F-11D3-BF4B-00C04F79EFBC}") = "mqtt", "mqtt\mqtt.csproj", "{A88ADC05-9C84-4462-9311-254E1BF95D8F}"
EndProject
Global
	GlobalSection(SolutionConfigurationPlatforms) = preSolution
		Debug|Any CPU = Debug|Any CPU
		Release|Any CPU = Release|Any CPU
	EndGlobalSection
	GlobalSection(ProjectConfigurationPlatforms) = postSolution
		{A88ADC05-9C84-4462-9311-254E1BF95D8F}.Debug|Any CPU.ActiveCfg = Debug|Any CPU
		{A88ADC05-9C84-4462-9311-254E1BF95D8F}.Debug|Any CPU.Build.0 = Debug|Any CPU
		{A88ADC05-9C84-4462-9311-254E1BF95D8F}.Release|Any CPU.ActiveCfg = Release|Any CPU
		{A88ADC05-9C84-4462-9311-254E1BF95D8F}.Release|Any CPU.Build.0 = Release|Any CPU
	EndGlobalSection
	GlobalSection(SolutionProperties) = preSolution
		HideSolutionNode = FALSE
	EndGlobalSection
	GlobalSection(ExtensibilityGlobals) = postSolution
		SolutionGuid = {5019EA33-0565-43EC-9336-DF23D5B20F0C}
	EndGlobalSection
EndGlobal
